
Microsoft Visual Studio Solution File, Format Version 12.00
# Visual Studio Version 17
VisualStudioVersion = 17.5.33627.172
MinimumVisualStudioVersion = 10.0.40219.1
Project("{FAE04EC0-301F-11D3-BF4B-00C04F79EFBC}") = "AllUp2", "AllUp2\AllUp2.csproj", "{51050BD2-D2F8-43AC-BACE-82E291967311}"
EndProject
Global
	GlobalSection(SolutionConfigurationPlatforms) = preSolution
		Debug|Any CPU = Debug|Any CPU
		Release|Any CPU = Release|Any CPU
	EndGlobalSection
	GlobalSection(ProjectConfigurationPlatforms) = postSolution
		{51050BD2-D2F8-43AC-BACE-82E291967311}.Debug|Any CPU.ActiveCfg = Debug|Any CPU
		{51050BD2-D2F8-43AC-BACE-82E291967311}.Debug|Any CPU.Build.0 = Debug|Any CPU
		{51050BD2-D2F8-43AC-BACE-82E291967311}.Release|Any CPU.ActiveCfg = Release|Any CPU
		{51050BD2-D2F8-43AC-BACE-82E291967311}.Release|Any CPU.Build.0 = Release|Any CPU
	EndGlobalSection
	GlobalSection(SolutionProperties) = preSolution
		HideSolutionNode = FALSE
	EndGlobalSection
	GlobalSection(ExtensibilityGlobals) = postSolution
		SolutionGuid = {EA40429C-D26B-44B0-9ED3-B29920710DD6}
	EndGlobalSection
EndGlobal
